
Microsoft Visual Studio Solution File, Format Version 12.00
# Visual Studio Version 16
VisualStudioVersion = 16.0.31410.357
MinimumVisualStudioVersion = 10.0.40219.1
Project("{FAE04EC0-301F-11D3-BF4B-00C04F79EFBC}") = "ExchangeHSMWorks", "ExchangeHSMWorks\ExchangeHSMWorks.csproj", "{3332D92C-6F53-4625-9597-EF4EFA7756CA}"
EndProject
Global
	GlobalSection(SolutionConfigurationPlatforms) = preSolution
		Debug|Any CPU = Debug|Any CPU
		Release|Any CPU = Release|Any CPU
	EndGlobalSection
	GlobalSection(ProjectConfigurationPlatforms) = postSolution
		{3332D92C-6F53-4625-9597-EF4EFA7756CA}.Debug|Any CPU.ActiveCfg = Debug|Any CPU
		{3332D92C-6F53-4625-9597-EF4EFA7756CA}.Debug|Any CPU.Build.0 = Debug|Any CPU
		{3332D92C-6F53-4625-9597-EF4EFA7756CA}.Release|Any CPU.ActiveCfg = Release|Any CPU
		{3332D92C-6F53-4625-9597-EF4EFA7756CA}.Release|Any CPU.Build.0 = Release|Any CPU
	EndGlobalSection
	GlobalSection(SolutionProperties) = preSolution
		HideSolutionNode = FALSE
	EndGlobalSection
	GlobalSection(ExtensibilityGlobals) = postSolution
		SolutionGuid = {CEBCD10C-06F0-46F1-92FB-C031133765B7}
	EndGlobalSection
EndGlobal
